
Microsoft Visual Studio Solution File, Format Version 12.00
# Visual Studio Version 16
VisualStudioVersion = 16.0.32929.386
MinimumVisualStudioVersion = 10.0.40219.1
Project("{FAE04EC0-301F-11D3-BF4B-00C04F79EFBC}") = "Design Patterns", "Design Patterns\Design Patterns.csproj", "{3F8F65A7-5EF7-4948-BCED-D62161E7726E}"
EndProject
Global
	GlobalSection(SolutionConfigurationPlatforms) = preSolution
		Debug|Any CPU = Debug|Any CPU
		Release|Any CPU = Release|Any CPU
	EndGlobalSection
	GlobalSection(ProjectConfigurationPlatforms) = postSolution
		{3F8F65A7-5EF7-4948-BCED-D62161E7726E}.Debug|Any CPU.ActiveCfg = Debug|Any CPU
		{3F8F65A7-5EF7-4948-BCED-D62161E7726E}.Debug|Any CPU.Build.0 = Debug|Any CPU
		{3F8F65A7-5EF7-4948-BCED-D62161E7726E}.Release|Any CPU.ActiveCfg = Release|Any CPU
		{3F8F65A7-5EF7-4948-BCED-D62161E7726E}.Release|Any CPU.Build.0 = Release|Any CPU
	EndGlobalSection
	GlobalSection(SolutionProperties) = preSolution
		HideSolutionNode = FALSE
	EndGlobalSection
	GlobalSection(ExtensibilityGlobals) = postSolution
		SolutionGuid = {A017EF2B-81A3-4F46-8C70-EE8D8929D6E0}
	EndGlobalSection
EndGlobal
